
Microsoft Visual Studio Solution File, Format Version 12.00
# Visual Studio Version 16
VisualStudioVersion = 25.0.1706.0
MinimumVisualStudioVersion = 10.0.40219.1
Project("{FAE04EC0-301F-11D3-BF4B-00C04F79EFBC}") = "console_exception_report_example", "console_exception_report_example.csproj", "{4CED5FCE-9B4F-46B2-BD2B-EDEADC7C7906}"
EndProject
Global
	GlobalSection(SolutionConfigurationPlatforms) = preSolution
		Debug|Any CPU = Debug|Any CPU
		Release|Any CPU = Release|Any CPU
	EndGlobalSection
	GlobalSection(ProjectConfigurationPlatforms) = postSolution
		{4CED5FCE-9B4F-46B2-BD2B-EDEADC7C7906}.Debug|Any CPU.ActiveCfg = Debug|Any CPU
		{4CED5FCE-9B4F-46B2-BD2B-EDEADC7C7906}.Debug|Any CPU.Build.0 = Debug|Any CPU
		{4CED5FCE-9B4F-46B2-BD2B-EDEADC7C7906}.Release|Any CPU.ActiveCfg = Release|Any CPU
		{4CED5FCE-9B4F-46B2-BD2B-EDEADC7C7906}.Release|Any CPU.Build.0 = Release|Any CPU
	EndGlobalSection
	GlobalSection(SolutionProperties) = preSolution
		HideSolutionNode = FALSE
	EndGlobalSection
	GlobalSection(ExtensibilityGlobals) = postSolution
		SolutionGuid = {B612B77A-3280-44F9-8A3F-D8BAA8F11AB8}
	EndGlobalSection
EndGlobal
